// !$*UTF8*$!
{
	archiveVersion = 1;
	classes = {
	};
	objectVersion = 50;
	objects = {

/* Begin PBXBuildFile section */
		A553B32B24CF5D5B00D39DF1 /* AppDelegate.swift in Sources */ = {isa = PBXBuildFile; fileRef = A553B32A24CF5D5B00D39DF1 /* AppDelegate.swift */; };
		A553B32D24CF5D5B00D39DF1 /* ContentView.swift in Sources */ = {isa = PBXBuildFile; fileRef = A553B32C24CF5D5B00D39DF1 /* ContentView.swift */; };
		A553B32F24CF5D5C00D39DF1 /* Assets.xcassets in Resources */ = {isa = PBXBuildFile; fileRef = A553B32E24CF5D5C00D39DF1 /* Assets.xcassets */; };
		A553B33224CF5D5C00D39DF1 /* Preview Assets.xcassets in Resources */ = {isa = PBXBuildFile; fileRef = A553B33124CF5D5C00D39DF1 /* Preview Assets.xcassets */; };
		A553B33524CF5D5C00D39DF1 /* Main.storyboard in Resources */ = {isa = PBXBuildFile; fileRef = A553B33324CF5D5C00D39DF1 /* Main.storyboard */; };
		A553B34124CF5D5C00D39DF1 /* Swifty_QuantTests.swift in Sources */ = {isa = PBXBuildFile; fileRef = A553B34024CF5D5C00D39DF1 /* Swifty_QuantTests.swift */; };
		A553B34C24CF5D5C00D39DF1 /* Swifty_QuantUITests.swift in Sources */ = {isa = PBXBuildFile; fileRef = A553B34B24CF5D5C00D39DF1 /* Swifty_QuantUITests.swift */; };
		A562A34C24D5A5F300AE8DE2 /* BitfinexShared.swift in Sources */ = {isa = PBXBuildFile; fileRef = A562A34824D5A5F300AE8DE2 /* BitfinexShared.swift */; };
		A562A34D24D5A5F300AE8DE2 /* BitfinexViewController.swift in Sources */ = {isa = PBXBuildFile; fileRef = A562A34924D5A5F300AE8DE2 /* BitfinexViewController.swift */; };
		A562A34E24D5A5F300AE8DE2 /* BitfinexConnection.swift in Sources */ = {isa = PBXBuildFile; fileRef = A562A34B24D5A5F300AE8DE2 /* BitfinexConnection.swift */; };
/* End PBXBuildFile section */

/* Begin PBXContainerItemProxy section */
		A553B33D24CF5D5C00D39DF1 /* PBXContainerItemProxy */ = {
			isa = PBXContainerItemProxy;
			containerPortal = A553B31F24CF5D5B00D39DF1 /* Project object */;
			proxyType = 1;
			remoteGlobalIDString = A553B32624CF5D5B00D39DF1;
			remoteInfo = "Swifty Quant";
		};
		A553B34824CF5D5C00D39DF1 /* PBXContainerItemProxy */ = {
			isa = PBXContainerItemProxy;
			containerPortal = A553B31F24CF5D5B00D39DF1 /* Project object */;
			proxyType = 1;
			remoteGlobalIDString = A553B32624CF5D5B00D39DF1;
			remoteInfo = "Swifty Quant";
		};
/* End PBXContainerItemProxy section */

/* Begin PBXFileReference section */
		A553B32724CF5D5B00D39DF1 /* Swifty Quant.app */ = {isa = PBXFileReference; explicitFileType = wrapper.application; includeInIndex = 0; path = "Swifty Quant.app"; sourceTree = BUILT_PRODUCTS_DIR; };
		A553B32A24CF5D5B00D39DF1 /* AppDelegate.swift */ = {isa = PBXFileReference; lastKnownFileType = sourcecode.swift; path = AppDelegate.swift; sourceTree = "<group>"; };
		A553B32C24CF5D5B00D39DF1 /* ContentView.swift */ = {isa = PBXFileReference; lastKnownFileType = sourcecode.swift; path = ContentView.swift; sourceTree = "<group>"; };
		A553B32E24CF5D5C00D39DF1 /* Assets.xcassets */ = {isa = PBXFileReference; lastKnownFileType = folder.assetcatalog; path = Assets.xcassets; sourceTree = "<group>"; };
		A553B33124CF5D5C00D39DF1 /* Preview Assets.xcassets */ = {isa = PBXFileReference; lastKnownFileType = folder.assetcatalog; path = "Preview Assets.xcassets"; sourceTree = "<group>"; };
		A553B33424CF5D5C00D39DF1 /* Base */ = {isa = PBXFileReference; lastKnownFileType = file.storyboard; name = Base; path = Base.lproj/Main.storyboard; sourceTree = "<group>"; };
		A553B33624CF5D5C00D39DF1 /* Info.plist */ = {isa = PBXFileReference; lastKnownFileType = text.plist.xml; path = Info.plist; sourceTree = "<group>"; };
		A553B33724CF5D5C00D39DF1 /* Swifty_Quant.entitlements */ = {isa = PBXFileReference; lastKnownFileType = text.plist.entitlements; path = Swifty_Quant.entitlements; sourceTree = "<group>"; };
		A553B33C24CF5D5C00D39DF1 /* Swifty QuantTests.xctest */ = {isa = PBXFileReference; explicitFileType = wrapper.cfbundle; includeInIndex = 0; path = "Swifty QuantTests.xctest"; sourceTree = BUILT_PRODUCTS_DIR; };
		A553B34024CF5D5C00D39DF1 /* Swifty_QuantTests.swift */ = {isa = PBXFileReference; lastKnownFileType = sourcecode.swift; path = Swifty_QuantTests.swift; sourceTree = "<group>"; };
		A553B34224CF5D5C00D39DF1 /* Info.plist */ = {isa = PBXFileReference; lastKnownFileType = text.plist.xml; path = Info.plist; sourceTree = "<group>"; };
		A553B34724CF5D5C00D39DF1 /* Swifty QuantUITests.xctest */ = {isa = PBXFileReference; explicitFileType = wrapper.cfbundle; includeInIndex = 0; path = "Swifty QuantUITests.xctest"; sourceTree = BUILT_PRODUCTS_DIR; };
		A553B34B24CF5D5C00D39DF1 /* Swifty_QuantUITests.swift */ = {isa = PBXFileReference; lastKnownFileType = sourcecode.swift; path = Swifty_QuantUITests.swift; sourceTree = "<group>"; };
		A553B34D24CF5D5C00D39DF1 /* Info.plist */ = {isa = PBXFileReference; lastKnownFileType = text.plist.xml; path = Info.plist; sourceTree = "<group>"; };
		A562A34824D5A5F300AE8DE2 /* BitfinexShared.swift */ = {isa = PBXFileReference; fileEncoding = 4; lastKnownFileType = sourcecode.swift; path = BitfinexShared.swift; sourceTree = "<group>"; };
		A562A34924D5A5F300AE8DE2 /* BitfinexViewController.swift */ = {isa = PBXFileReference; fileEncoding = 4; lastKnownFileType = sourcecode.swift; path = BitfinexViewController.swift; sourceTree = "<group>"; };
		A562A34B24D5A5F300AE8DE2 /* BitfinexConnection.swift */ = {isa = PBXFileReference; fileEncoding = 4; lastKnownFileType = sourcecode.swift; path = BitfinexConnection.swift; sourceTree = "<group>"; };
/* End PBXFileReference section */

/* Begin PBXFrameworksBuildPhase section */
		A553B32424CF5D5B00D39DF1 /* Frameworks */ = {
			isa = PBXFrameworksBuildPhase;
			buildActionMask = 2147483647;
			files = (
			);
			runOnlyForDeploymentPostprocessing = 0;
		};
		A553B33924CF5D5C00D39DF1 /* Frameworks */ = {
			isa = PBXFrameworksBuildPhase;
			buildActionMask = 2147483647;
			files = (
			);
			runOnlyForDeploymentPostprocessing = 0;
		};
		A553B34424CF5D5C00D39DF1 /* Frameworks */ = {
			isa = PBXFrameworksBuildPhase;
			buildActionMask = 2147483647;
			files = (
			);
			runOnlyForDeploymentPostprocessing = 0;
		};
/* End PBXFrameworksBuildPhase section */

/* Begin PBXGroup section */
		A553B31E24CF5D5B00D39DF1 = {
			isa = PBXGroup;
			children = (
				A553B32924CF5D5B00D39DF1 /* Swifty Quant */,
				A553B33F24CF5D5C00D39DF1 /* Swifty QuantTests */,
				A553B34A24CF5D5C00D39DF1 /* Swifty QuantUITests */,
				A553B32824CF5D5B00D39DF1 /* Products */,
			);
			sourceTree = "<group>";
		};
		A553B32824CF5D5B00D39DF1 /* Products */ = {
			isa = PBXGroup;
			children = (
				A553B32724CF5D5B00D39DF1 /* Swifty Quant.app */,
				A553B33C24CF5D5C00D39DF1 /* Swifty QuantTests.xctest */,
				A553B34724CF5D5C00D39DF1 /* Swifty QuantUITests.xctest */,
			);
			name = Products;
			sourceTree = "<group>";
		};
		A553B32924CF5D5B00D39DF1 /* Swifty Quant */ = {
			isa = PBXGroup;
			children = (
				A562A34624D5A5F300AE8DE2 /* Client */,
				A553B32A24CF5D5B00D39DF1 /* AppDelegate.swift */,
				A553B32C24CF5D5B00D39DF1 /* ContentView.swift */,
				A553B32E24CF5D5C00D39DF1 /* Assets.xcassets */,
				A553B33324CF5D5C00D39DF1 /* Main.storyboard */,
				A553B33624CF5D5C00D39DF1 /* Info.plist */,
				A553B33724CF5D5C00D39DF1 /* Swifty_Quant.entitlements */,
				A553B33024CF5D5C00D39DF1 /* Preview Content */,
			);
			path = "Swifty Quant";
			sourceTree = "<group>";
		};
		A553B33024CF5D5C00D39DF1 /* Preview Content */ = {
			isa = PBXGroup;
			children = (
				A553B33124CF5D5C00D39DF1 /* Preview Assets.xcassets */,
			);
			path = "Preview Content";
			sourceTree = "<group>";
		};
		A553B33F24CF5D5C00D39DF1 /* Swifty QuantTests */ = {
			isa = PBXGroup;
			children = (
				A553B34024CF5D5C00D39DF1 /* Swifty_QuantTests.swift */,
				A553B34224CF5D5C00D39DF1 /* Info.plist */,
			);
			path = "Swifty QuantTests";
			sourceTree = "<group>";
		};
		A553B34A24CF5D5C00D39DF1 /* Swifty QuantUITests */ = {
			isa = PBXGroup;
			children = (
				A553B34B24CF5D5C00D39DF1 /* Swifty_QuantUITests.swift */,
				A553B34D24CF5D5C00D39DF1 /* Info.plist */,
			);
			path = "Swifty QuantUITests";
			sourceTree = "<group>";
		};
		A562A34624D5A5F300AE8DE2 /* Client */ = {
			isa = PBXGroup;
			children = (
				A562A34724D5A5F300AE8DE2 /* Bitfinex */,
				A562A34A24D5A5F300AE8DE2 /* Networking */,
			);
			path = Client;
			sourceTree = "<group>";
		};
		A562A34724D5A5F300AE8DE2 /* Bitfinex */ = {
			isa = PBXGroup;
			children = (
				A562A34824D5A5F300AE8DE2 /* BitfinexShared.swift */,
				A562A34924D5A5F300AE8DE2 /* BitfinexViewController.swift */,
			);
			path = Bitfinex;
			sourceTree = "<group>";
		};
		A562A34A24D5A5F300AE8DE2 /* Networking */ = {
			isa = PBXGroup;
			children = (
				A562A34B24D5A5F300AE8DE2 /* BitfinexConnection.swift */,
			);
			path = Networking;
			sourceTree = "<group>";
		};
/* End PBXGroup section */

/* Begin PBXNativeTarget section */
		A553B32624CF5D5B00D39DF1 /* Swifty Quant */ = {
			isa = PBXNativeTarget;
			buildConfigurationList = A553B35024CF5D5D00D39DF1 /* Build configuration list for PBXNativeTarget "Swifty Quant" */;
			buildPhases = (
				A553B32324CF5D5B00D39DF1 /* Sources */,
				A553B32424CF5D5B00D39DF1 /* Frameworks */,
				A553B32524CF5D5B00D39DF1 /* Resources */,
			);
			buildRules = (
			);
			dependencies = (
			);
			name = "Swifty Quant";
			productName = "Swifty Quant";
			productReference = A553B32724CF5D5B00D39DF1 /* Swifty Quant.app */;
			productType = "com.apple.product-type.application";
		};
		A553B33B24CF5D5C00D39DF1 /* Swifty QuantTests */ = {
			isa = PBXNativeTarget;
			buildConfigurationList = A553B35324CF5D5D00D39DF1 /* Build configuration list for PBXNativeTarget "Swifty QuantTests" */;
			buildPhases = (
				A553B33824CF5D5C00D39DF1 /* Sources */,
				A553B33924CF5D5C00D39DF1 /* Frameworks */,
				A553B33A24CF5D5C00D39DF1 /* Resources */,
			);
			buildRules = (
			);
			dependencies = (
				A553B33E24CF5D5C00D39DF1 /* PBXTargetDependency */,
			);
			name = "Swifty QuantTests";
			productName = "Swifty QuantTests";
			productReference = A553B33C24CF5D5C00D39DF1 /* Swifty QuantTests.xctest */;
			productType = "com.apple.product-type.bundle.unit-test";
		};
		A553B34624CF5D5C00D39DF1 /* Swifty QuantUITests */ = {
			isa = PBXNativeTarget;
			buildConfigurationList = A553B35624CF5D5D00D39DF1 /* Build configuration list for PBXNativeTarget "Swifty QuantUITests" */;
			buildPhases = (
				A553B34324CF5D5C00D39DF1 /* Sources */,
				A553B34424CF5D5C00D39DF1 /* Frameworks */,
				A553B34524CF5D5C00D39DF1 /* Resources */,
			);
			buildRules = (
			);
			dependencies = (
				A553B34924CF5D5C00D39DF1 /* PBXTargetDependency */,
			);
			name = "Swifty QuantUITests";
			productName = "Swifty QuantUITests";
			productReference = A553B34724CF5D5C00D39DF1 /* Swifty QuantUITests.xctest */;
			productType = "com.apple.product-type.bundle.ui-testing";
		};
/* End PBXNativeTarget section */

/* Begin PBXProject section */
		A553B31F24CF5D5B00D39DF1 /* Project object */ = {
			isa = PBXProject;
			attributes = {
				LastSwiftUpdateCheck = 1160;
				LastUpgradeCheck = 1160;
				ORGANIZATIONNAME = "HINTON AI (PTY) LTD";
				TargetAttributes = {
					A553B32624CF5D5B00D39DF1 = {
						CreatedOnToolsVersion = 11.6;
					};
					A553B33B24CF5D5C00D39DF1 = {
						CreatedOnToolsVersion = 11.6;
						TestTargetID = A553B32624CF5D5B00D39DF1;
					};
					A553B34624CF5D5C00D39DF1 = {
						CreatedOnToolsVersion = 11.6;
						TestTargetID = A553B32624CF5D5B00D39DF1;
					};
				};
			};
			buildConfigurationList = A553B32224CF5D5B00D39DF1 /* Build configuration list for PBXProject "Swifty Quant" */;
			compatibilityVersion = "Xcode 9.3";
			developmentRegion = en;
			hasScannedForEncodings = 0;
			knownRegions = (
				en,
				Base,
			);
			mainGroup = A553B31E24CF5D5B00D39DF1;
			productRefGroup = A553B32824CF5D5B00D39DF1 /* Products */;
			projectDirPath = "";
			projectRoot = "";
			targets = (
				A553B32624CF5D5B00D39DF1 /* Swifty Quant */,
				A553B33B24CF5D5C00D39DF1 /* Swifty QuantTests */,
				A553B34624CF5D5C00D39DF1 /* Swifty QuantUITests */,
			);
		};
/* End PBXProject section */

/* Begin PBXResourcesBuildPhase section */
		A553B32524CF5D5B00D39DF1 /* Resources */ = {
			isa = PBXResourcesBuildPhase;
			buildActionMask = 2147483647;
			files = (
				A553B33524CF5D5C00D39DF1 /* Main.storyboard in Resources */,
				A553B33224CF5D5C00D39DF1 /* Preview Assets.xcassets in Resources */,
				A553B32F24CF5D5C00D39DF1 /* Assets.xcassets in Resources */,
			);
			runOnlyForDeploymentPostprocessing = 0;
		};
		A553B33A24CF5D5C00D39DF1 /* Resources */ = {
			isa = PBXResourcesBuildPhase;
			buildActionMask = 2147483647;
			files = (
			);
			runOnlyForDeploymentPostprocessing = 0;
		};
		A553B34524CF5D5C00D39DF1 /* Resources */ = {
			isa = PBXResourcesBuildPhase;
			buildActionMask = 2147483647;
			files = (
			);
			runOnlyForDeploymentPostprocessing = 0;
		};
/* End PBXResourcesBuildPhase section */

/* Begin PBXSourcesBuildPhase section */
		A553B32324CF5D5B00D39DF1 /* Sources */ = {
			isa = PBXSourcesBuildPhase;
			buildActionMask = 2147483647;
			files = (
				A562A34E24D5A5F300AE8DE2 /* BitfinexConnection.swift in Sources */,
				A553B32D24CF5D5B00D39DF1 /* ContentView.swift in Sources */,
				A553B32B24CF5D5B00D39DF1 /* AppDelegate.swift in Sources */,
				A562A34C24D5A5F300AE8DE2 /* BitfinexShared.swift in Sources */,
				A562A34D24D5A5F300AE8DE2 /* BitfinexViewController.swift in Sources */,
			);
			runOnlyForDeploymentPostprocessing = 0;
		};
		A553B33824CF5D5C00D39DF1 /* Sources */ = {
			isa = PBXSourcesBuildPhase;
			buildActionMask = 2147483647;
			files = (
				A553B34124CF5D5C00D39DF1 /* Swifty_QuantTests.swift in Sources */,
			);
			runOnlyForDeploymentPostprocessing = 0;
		};
		A553B34324CF5D5C00D39DF1 /* Sources */ = {
			isa = PBXSourcesBuildPhase;
			buildActionMask = 2147483647;
			files = (
				A553B34C24CF5D5C00D39DF1 /* Swifty_QuantUITests.swift in Sources */,
			);
			runOnlyForDeploymentPostprocessing = 0;
		};
/* End PBXSourcesBuildPhase section */

/* Begin PBXTargetDependency section */
		A553B33E24CF5D5C00D39DF1 /* PBXTargetDependency */ = {
			isa = PBXTargetDependency;
			target = A553B32624CF5D5B00D39DF1 /* Swifty Quant */;
			targetProxy = A553B33D24CF5D5C00D39DF1 /* PBXContainerItemProxy */;
		};
		A553B34924CF5D5C00D39DF1 /* PBXTargetDependency */ = {
			isa = PBXTargetDependency;
			target = A553B32624CF5D5B00D39DF1 /* Swifty Quant */;
			targetProxy = A553B34824CF5D5C00D39DF1 /* PBXContainerItemProxy */;
		};
/* End PBXTargetDependency section */

/* Begin PBXVariantGroup section */
		A553B33324CF5D5C00D39DF1 /* Main.storyboard */ = {
			isa = PBXVariantGroup;
			children = (
				A553B33424CF5D5C00D39DF1 /* Base */,
			);
			name = Main.storyboard;
			sourceTree = "<group>";
		};
/* End PBXVariantGroup section */

/* Begin XCBuildConfiguration section */
		A553B34E24CF5D5D00D39DF1 /* Debug */ = {
			isa = XCBuildConfiguration;
			buildSettings = {
				ALWAYS_SEARCH_USER_PATHS = NO;
				CLANG_ANALYZER_NONNULL = YES;
				CLANG_ANALYZER_NUMBER_OBJECT_CONVERSION = YES_AGGRESSIVE;
				CLANG_CXX_LANGUAGE_STANDARD = "gnu++14";
				CLANG_CXX_LIBRARY = "libc++";
				CLANG_ENABLE_MODULES = YES;
				CLANG_ENABLE_OBJC_ARC = YES;
				CLANG_ENABLE_OBJC_WEAK = YES;
				CLANG_WARN_BLOCK_CAPTURE_AUTORELEASING = YES;
				CLANG_WARN_BOOL_CONVERSION = YES;
				CLANG_WARN_COMMA = YES;
				CLANG_WARN_CONSTANT_CONVERSION = YES;
				CLANG_WARN_DEPRECATED_OBJC_IMPLEMENTATIONS = YES;
				CLANG_WARN_DIRECT_OBJC_ISA_USAGE = YES_ERROR;
				CLANG_WARN_DOCUMENTATION_COMMENTS = YES;
				CLANG_WARN_EMPTY_BODY = YES;
				CLANG_WARN_ENUM_CONVERSION = YES;
				CLANG_WARN_INFINITE_RECURSION = YES;
				CLANG_WARN_INT_CONVERSION = YES;
				CLANG_WARN_NON_LITERAL_NULL_CONVERSION = YES;
				CLANG_WARN_OBJC_IMPLICIT_RETAIN_SELF = YES;
				CLANG_WARN_OBJC_LITERAL_CONVERSION = YES;
				CLANG_WARN_OBJC_ROOT_CLASS = YES_ERROR;
				CLANG_WARN_RANGE_LOOP_ANALYSIS = YES;
				CLANG_WARN_STRICT_PROTOTYPES = YES;
				CLANG_WARN_SUSPICIOUS_MOVE = YES;
				CLANG_WARN_UNGUARDED_AVAILABILITY = YES_AGGRESSIVE;
				CLANG_WARN_UNREACHABLE_CODE = YES;
				CLANG_WARN__DUPLICATE_METHOD_MATCH = YES;
				COPY_PHASE_STRIP = NO;
				DEBUG_INFORMATION_FORMAT = dwarf;
				ENABLE_STRICT_OBJC_MSGSEND = YES;
				ENABLE_TESTABILITY = YES;
				GCC_C_LANGUAGE_STANDARD = gnu11;
				GCC_DYNAMIC_NO_PIC = NO;
				GCC_NO_COMMON_BLOCKS = YES;
				GCC_OPTIMIZATION_LEVEL = 0;
				GCC_PREPROCESSOR_DEFINITIONS = (
					"DEBUG=1",
					"$(inherited)",
				);
				GCC_WARN_64_TO_32_BIT_CONVERSION = YES;
				GCC_WARN_ABOUT_RETURN_TYPE = YES_ERROR;
				GCC_WARN_UNDECLARED_SELECTOR = YES;
				GCC_WARN_UNINITIALIZED_AUTOS = YES_AGGRESSIVE;
				GCC_WARN_UNUSED_FUNCTION = YES;
				GCC_WARN_UNUSED_VARIABLE = YES;
				MACOSX_DEPLOYMENT_TARGET = 10.15;
				MTL_ENABLE_DEBUG_INFO = INCLUDE_SOURCE;
				MTL_FAST_MATH = YES;
				ONLY_ACTIVE_ARCH = YES;
				SDKROOT = macosx;
				SWIFT_ACTIVE_COMPILATION_CONDITIONS = DEBUG;
				SWIFT_OPTIMIZATION_LEVEL = "-Onone";
			};
			name = Debug;
		};
		A553B34F24CF5D5D00D39DF1 /* Release */ = {
			isa = XCBuildConfiguration;
			buildSettings = {
				ALWAYS_SEARCH_USER_PATHS = NO;
				CLANG_ANALYZER_NONNULL = YES;
				CLANG_ANALYZER_NUMBER_OBJECT_CONVERSION = YES_AGGRESSIVE;
				CLANG_CXX_LANGUAGE_STANDARD = "gnu++14";
				CLANG_CXX_LIBRARY = "libc++";
				CLANG_ENABLE_MODULES = YES;
				CLANG_ENABLE_OBJC_ARC = YES;
				CLANG_ENABLE_OBJC_WEAK = YES;
				CLANG_WARN_BLOCK_CAPTURE_AUTORELEASING = YES;
				CLANG_WARN_BOOL_CONVERSION = YES;
				CLANG_WARN_COMMA = YES;
				CLANG_WARN_CONSTANT_CONVERSION = YES;
				CLANG_WARN_DEPRECATED_OBJC_IMPLEMENTATIONS = YES;
				CLANG_WARN_DIRECT_OBJC_ISA_USAGE = YES_ERROR;
				CLANG_WARN_DOCUMENTATION_COMMENTS = YES;
				CLANG_WARN_EMPTY_BODY = YES;
				CLANG_WARN_ENUM_CONVERSION = YES;
				CLANG_WARN_INFINITE_RECURSION = YES;
				CLANG_WARN_INT_CONVERSION = YES;
				CLANG_WARN_NON_LITERAL_NULL_CONVERSION = YES;
				CLANG_WARN_OBJC_IMPLICIT_RETAIN_SELF = YES;
				CLANG_WARN_OBJC_LITERAL_CONVERSION = YES;
				CLANG_WARN_OBJC_ROOT_CLASS = YES_ERROR;
				CLANG_WARN_RANGE_LOOP_ANALYSIS = YES;
				CLANG_WARN_STRICT_PROTOTYPES = YES;
				CLANG_WARN_SUSPICIOUS_MOVE = YES;
				CLANG_WARN_UNGUARDED_AVAILABILITY = YES_AGGRESSIVE;
				CLANG_WARN_UNREACHABLE_CODE = YES;
				CLANG_WARN__DUPLICATE_METHOD_MATCH = YES;
				COPY_PHASE_STRIP = NO;
				DEBUG_INFORMATION_FORMAT = "dwarf-with-dsym";
				ENABLE_NS_ASSERTIONS = NO;
				ENABLE_STRICT_OBJC_MSGSEND = YES;
				GCC_C_LANGUAGE_STANDARD = gnu11;
				GCC_NO_COMMON_BLOCKS = YES;
				GCC_WARN_64_TO_32_BIT_CONVERSION = YES;
				GCC_WARN_ABOUT_RETURN_TYPE = YES_ERROR;
				GCC_WARN_UNDECLARED_SELECTOR = YES;
				GCC_WARN_UNINITIALIZED_AUTOS = YES_AGGRESSIVE;
				GCC_WARN_UNUSED_FUNCTION = YES;
				GCC_WARN_UNUSED_VARIABLE = YES;
				MACOSX_DEPLOYMENT_TARGET = 10.15;
				MTL_ENABLE_DEBUG_INFO = NO;
				MTL_FAST_MATH = YES;
				SDKROOT = macosx;
				SWIFT_COMPILATION_MODE = wholemodule;
				SWIFT_OPTIMIZATION_LEVEL = "-O";
			};
			name = Release;
		};
		A553B35124CF5D5D00D39DF1 /* Debug */ = {
			isa = XCBuildConfiguration;
			buildSettings = {
				ASSETCATALOG_COMPILER_APPICON_NAME = AppIcon;
				CODE_SIGN_ENTITLEMENTS = "Swifty Quant/Swifty_Quant.entitlements";
				CODE_SIGN_STYLE = Automatic;
				COMBINE_HIDPI_IMAGES = YES;
				DEVELOPMENT_ASSET_PATHS = "\"Swifty Quant/Preview Content\"";
				DEVELOPMENT_TEAM = NF5R33H474;
				ENABLE_HARDENED_RUNTIME = YES;
				ENABLE_PREVIEWS = YES;
				INFOPLIST_FILE = "Swifty Quant/Info.plist";
				LD_RUNPATH_SEARCH_PATHS = (
					"$(inherited)",
					"@executable_path/../Frameworks",
				);
				MACOSX_DEPLOYMENT_TARGET = 10.15;
				PRODUCT_BUNDLE_IDENTIFIER = "ai.hinton.Swifty-Quant";
				PRODUCT_NAME = "$(TARGET_NAME)";
				SWIFT_VERSION = 5.0;
			};
			name = Debug;
		};
		A553B35224CF5D5D00D39DF1 /* Release */ = {
			isa = XCBuildConfiguration;
			buildSettings = {
				ASSETCATALOG_COMPILER_APPICON_NAME = AppIcon;
				CODE_SIGN_ENTITLEMENTS = "Swifty Quant/Swifty_Quant.entitlements";
				CODE_SIGN_STYLE = Automatic;
				COMBINE_HIDPI_IMAGES = YES;
				DEVELOPMENT_ASSET_PATHS = "\"Swifty Quant/Preview Content\"";
				DEVELOPMENT_TEAM = NF5R33H474;
				ENABLE_HARDENED_RUNTIME = YES;
				ENABLE_PREVIEWS = YES;
				INFOPLIST_FILE = "Swifty Quant/Info.plist";
				LD_RUNPATH_SEARCH_PATHS = (
					"$(inherited)",
					"@executable_path/../Frameworks",
				);
				MACOSX_DEPLOYMENT_TARGET = 10.15;
				PRODUCT_BUNDLE_IDENTIFIER = "ai.hinton.Swifty-Quant";
				PRODUCT_NAME = "$(TARGET_NAME)";
				SWIFT_VERSION = 5.0;
			};
			name = Release;
		};
		A553B35424CF5D5D00D39DF1 /* Debug */ = {
			isa = XCBuildConfiguration;
			buildSettings = {
				ALWAYS_EMBED_SWIFT_STANDARD_LIBRARIES = YES;
				BUNDLE_LOADER = "$(TEST_HOST)";
				CODE_SIGN_STYLE = Automatic;
				COMBINE_HIDPI_IMAGES = YES;
				DEVELOPMENT_TEAM = NF5R33H474;
				INFOPLIST_FILE = "Swifty QuantTests/Info.plist";
				LD_RUNPATH_SEARCH_PATHS = (
					"$(inherited)",
					"@executable_path/../Frameworks",
					"@loader_path/../Frameworks",
				);
				MACOSX_DEPLOYMENT_TARGET = 10.15;
				PRODUCT_BUNDLE_IDENTIFIER = "ai.hinton.Swifty-QuantTests";
				PRODUCT_NAME = "$(TARGET_NAME)";
				SWIFT_VERSION = 5.0;
				TEST_HOST = "$(BUILT_PRODUCTS_DIR)/Swifty Quant.app/Contents/MacOS/Swifty Quant";
			};
			name = Debug;
		};
		A553B35524CF5D5D00D39DF1 /* Release */ = {
			isa = XCBuildConfiguration;
			buildSettings = {
				ALWAYS_EMBED_SWIFT_STANDARD_LIBRARIES = YES;
				BUNDLE_LOADER = "$(TEST_HOST)";
				CODE_SIGN_STYLE = Automatic;
				COMBINE_HIDPI_IMAGES = YES;
				DEVELOPMENT_TEAM = NF5R33H474;
				INFOPLIST_FILE = "Swifty QuantTests/Info.plist";
				LD_RUNPATH_SEARCH_PATHS = (
					"$(inherited)",
					"@executable_path/../Frameworks",
					"@loader_path/../Frameworks",
				);
				MACOSX_DEPLOYMENT_TARGET = 10.15;
				PRODUCT_BUNDLE_IDENTIFIER = "ai.hinton.Swifty-QuantTests";
				PRODUCT_NAME = "$(TARGET_NAME)";
				SWIFT_VERSION = 5.0;
				TEST_HOST = "$(BUILT_PRODUCTS_DIR)/Swifty Quant.app/Contents/MacOS/Swifty Quant";
			};
			name = Release;
		};
		A553B35724CF5D5D00D39DF1 /* Debug */ = {
			isa = XCBuildConfiguration;
			buildSettings = {
				ALWAYS_EMBED_SWIFT_STANDARD_LIBRARIES = YES;
				CODE_SIGN_STYLE = Automatic;
				COMBINE_HIDPI_IMAGES = YES;
				DEVELOPMENT_TEAM = NF5R33H474;
				INFOPLIST_FILE = "Swifty QuantUITests/Info.plist";
				LD_RUNPATH_SEARCH_PATHS = (
					"$(inherited)",
					"@executable_path/../Frameworks",
					"@loader_path/../Frameworks",
				);
				PRODUCT_BUNDLE_IDENTIFIER = "ai.hinton.Swifty-QuantUITests";
				PRODUCT_NAME = "$(TARGET_NAME)";
				SWIFT_VERSION = 5.0;
				TEST_TARGET_NAME = "Swifty Quant";
			};
			name = Debug;
		};
		A553B35824CF5D5D00D39DF1 /* Release */ = {
			isa = XCBuildConfiguration;
			buildSettings = {
				ALWAYS_EMBED_SWIFT_STANDARD_LIBRARIES = YES;
				CODE_SIGN_STYLE = Automatic;
				COMBINE_HIDPI_IMAGES = YES;
				DEVELOPMENT_TEAM = NF5R33H474;
				INFOPLIST_FILE = "Swifty QuantUITests/Info.plist";
				LD_RUNPATH_SEARCH_PATHS = (
					"$(inherited)",
					"@executable_path/../Frameworks",
					"@loader_path/../Frameworks",
				);
				PRODUCT_BUNDLE_IDENTIFIER = "ai.hinton.Swifty-QuantUITests";
				PRODUCT_NAME = "$(TARGET_NAME)";
				SWIFT_VERSION = 5.0;
				TEST_TARGET_NAME = "Swifty Quant";
			};
			name = Release;
		};
/* End XCBuildConfiguration section */

/* Begin XCConfigurationList section */
		A553B32224CF5D5B00D39DF1 /* Build configuration list for PBXProject "Swifty Quant" */ = {
			isa = XCConfigurationList;
			buildConfigurations = (
				A553B34E24CF5D5D00D39DF1 /* Debug */,
				A553B34F24CF5D5D00D39DF1 /* Release */,
			);
			defaultConfigurationIsVisible = 0;
			defaultConfigurationName = Release;
		};
		A553B35024CF5D5D00D39DF1 /* Build configuration list for PBXNativeTarget "Swifty Quant" */ = {
			isa = XCConfigurationList;
			buildConfigurations = (
				A553B35124CF5D5D00D39DF1 /* Debug */,
				A553B35224CF5D5D00D39DF1 /* Release */,
			);
			defaultConfigurationIsVisible = 0;
			defaultConfigurationName = Release;
		};
		A553B35324CF5D5D00D39DF1 /* Build configuration list for PBXNativeTarget "Swifty QuantTests" */ = {
			isa = XCConfigurationList;
			buildConfigurations = (
				A553B35424CF5D5D00D39DF1 /* Debug */,
				A553B35524CF5D5D00D39DF1 /* Release */,
			);
			defaultConfigurationIsVisible = 0;
			defaultConfigurationName = Release;
		};
		A553B35624CF5D5D00D39DF1 /* Build configuration list for PBXNativeTarget "Swifty QuantUITests" */ = {
			isa = XCConfigurationList;
			buildConfigurations = (
				A553B35724CF5D5D00D39DF1 /* Debug */,
				A553B35824CF5D5D00D39DF1 /* Release */,
			);
			defaultConfigurationIsVisible = 0;
			defaultConfigurationName = Release;
		};
/* End XCConfigurationList section */
	};
	rootObject = A553B31F24CF5D5B00D39DF1 /* Project object */;
}
